
Microsoft Visual Studio Solution File, Format Version 12.00
# Visual Studio Version 17
VisualStudioVersion = 17.9.34723.18
MinimumVisualStudioVersion = 10.0.40219.1
Project("{FAE04EC0-301F-11D3-BF4B-00C04F79EFBC}") = "ChatSDistribuido", "ChatSDistribuido\ChatSDistribuido.csproj", "{494565A8-3FDC-4E7B-8C8A-78079779D021}"
EndProject
Global
	GlobalSection(SolutionConfigurationPlatforms) = preSolution
		Debug|Any CPU = Debug|Any CPU
		Release|Any CPU = Release|Any CPU
	EndGlobalSection
	GlobalSection(ProjectConfigurationPlatforms) = postSolution
		{494565A8-3FDC-4E7B-8C8A-78079779D021}.Debug|Any CPU.ActiveCfg = Debug|Any CPU
		{494565A8-3FDC-4E7B-8C8A-78079779D021}.Debug|Any CPU.Build.0 = Debug|Any CPU
		{494565A8-3FDC-4E7B-8C8A-78079779D021}.Release|Any CPU.ActiveCfg = Release|Any CPU
		{494565A8-3FDC-4E7B-8C8A-78079779D021}.Release|Any CPU.Build.0 = Release|Any CPU
	EndGlobalSection
	GlobalSection(SolutionProperties) = preSolution
		HideSolutionNode = FALSE
	EndGlobalSection
	GlobalSection(ExtensibilityGlobals) = postSolution
		SolutionGuid = {05A167CC-673F-4569-9E8C-BF1FC021BE35}
	EndGlobalSection
EndGlobal
